
Microsoft Visual Studio Solution File, Format Version 12.00
Project("{FAE04EC0-301F-11D3-BF4B-00C04F79EFBC}") = "MultiImageClassification", "MultiImageClassification\MultiImageClassification.csproj", "{125A4A15-20F9-438E-8064-3705007853EC}"
EndProject
Global
	GlobalSection(SolutionConfigurationPlatforms) = preSolution
		Debug|Any CPU = Debug|Any CPU
		Release|Any CPU = Release|Any CPU
	EndGlobalSection
	GlobalSection(ProjectConfigurationPlatforms) = postSolution
		{125A4A15-20F9-438E-8064-3705007853EC}.Debug|Any CPU.ActiveCfg = Debug|Any CPU
		{125A4A15-20F9-438E-8064-3705007853EC}.Debug|Any CPU.Build.0 = Debug|Any CPU
		{125A4A15-20F9-438E-8064-3705007853EC}.Release|Any CPU.ActiveCfg = Release|Any CPU
		{125A4A15-20F9-438E-8064-3705007853EC}.Release|Any CPU.Build.0 = Release|Any CPU
	EndGlobalSection
EndGlobal
