
Microsoft Visual Studio Solution File, Format Version 12.00
Project("{FAE04EC0-301F-11D3-BF4B-00C04F79EFBC}") = "StockMarketPrediction", "StockMarketPrediction\StockMarketPrediction.csproj", "{F3FC696B-3A05-439C-A8D3-063250665629}"
EndProject
Global
	GlobalSection(SolutionConfigurationPlatforms) = preSolution
		Debug|Any CPU = Debug|Any CPU
		Release|Any CPU = Release|Any CPU
	EndGlobalSection
	GlobalSection(ProjectConfigurationPlatforms) = postSolution
		{F3FC696B-3A05-439C-A8D3-063250665629}.Debug|Any CPU.ActiveCfg = Debug|Any CPU
		{F3FC696B-3A05-439C-A8D3-063250665629}.Debug|Any CPU.Build.0 = Debug|Any CPU
		{F3FC696B-3A05-439C-A8D3-063250665629}.Release|Any CPU.ActiveCfg = Release|Any CPU
		{F3FC696B-3A05-439C-A8D3-063250665629}.Release|Any CPU.Build.0 = Release|Any CPU
	EndGlobalSection
EndGlobal
